# @generated by Move, please check-in and do not edit manually.

[move]
version = 3
manifest_digest = "4B1D7F54F3F7B054BF331A59DB9EA514C5D088420459D4F1F1ABF13160B44201"
deps_digest = "F8BBB0CCB2491CA29A3DF03D6F92277A4F3574266507ACD77214D37ECA3F3082"
dependencies = [
  { id = "Sui", name = "Sui" },
]

[[move.package]]
id = "MoveStdlib"
source = { git = "https://github.com/MystenLabs/sui.git", rev = "framework/testnet", subdir = "crates/sui-framework/packages/move-stdlib" }

[[move.package]]
id = "Sui"
source = { git = "https://github.com/MystenLabs/sui.git", rev = "framework/testnet", subdir = "crates/sui-framework/packages/sui-framework" }

dependencies = [
  { id = "MoveStdlib", name = "MoveStdlib" },
]

[move.toolchain-version]
compiler-version = "1.43.1"
edition = "2024.beta"
flavor = "sui"

[env]

[env.testnet]
chain-id = "4c78adac"
original-published-id = "0x09e29a01243e753c73a39a5789647ed8dc648277cc01e8138cc50288c5d34870"
latest-published-id = "0x09e29a01243e753c73a39a5789647ed8dc648277cc01e8138cc50288c5d34870"
published-version = "1"
